
Microsoft Visual Studio Solution File, Format Version 12.00
# Visual Studio 15
VisualStudioVersion = 15.0.27004.2005
MinimumVisualStudioVersion = 10.0.40219.1
Project("{FAE04EC0-301F-11D3-BF4B-00C04F79EFBC}") = "CrossingRiverMonWk1", "CrossingRiverMonWk1\CrossingRiverMonWk1.csproj", "{45C555B0-1078-4DF1-8C8A-230FBD57E5F0}"
EndProject
Global
	GlobalSection(SolutionConfigurationPlatforms) = preSolution
		Debug|Any CPU = Debug|Any CPU
		Release|Any CPU = Release|Any CPU
	EndGlobalSection
	GlobalSection(ProjectConfigurationPlatforms) = postSolution
		{45C555B0-1078-4DF1-8C8A-230FBD57E5F0}.Debug|Any CPU.ActiveCfg = Debug|Any CPU
		{45C555B0-1078-4DF1-8C8A-230FBD57E5F0}.Debug|Any CPU.Build.0 = Debug|Any CPU
		{45C555B0-1078-4DF1-8C8A-230FBD57E5F0}.Release|Any CPU.ActiveCfg = Release|Any CPU
		{45C555B0-1078-4DF1-8C8A-230FBD57E5F0}.Release|Any CPU.Build.0 = Release|Any CPU
	EndGlobalSection
	GlobalSection(SolutionProperties) = preSolution
		HideSolutionNode = FALSE
	EndGlobalSection
	GlobalSection(ExtensibilityGlobals) = postSolution
		SolutionGuid = {C83E3148-05A2-4CC1-A3DE-FF617FBB5880}
	EndGlobalSection
EndGlobal
